
Microsoft Visual Studio Solution File, Format Version 12.00
# Visual Studio Version 17
VisualStudioVersion = 17.0.31903.59
MinimumVisualStudioVersion = 10.0.40219.1
Project("{FAE04EC0-301F-11D3-BF4B-00C04F79EFBC}") = "Lab9", "Lab9\Lab9.csproj", "{44469596-FDDB-4343-A45D-733E7EC7B8C8}"
EndProject
Project("{FAE04EC0-301F-11D3-BF4B-00C04F79EFBC}") = "HW9", "HW9\HW9.csproj", "{984E9963-5F52-471E-97E0-111DC67CE82A}"
EndProject
Global
	GlobalSection(SolutionConfigurationPlatforms) = preSolution
		Debug|Any CPU = Debug|Any CPU
		Release|Any CPU = Release|Any CPU
	EndGlobalSection
	GlobalSection(SolutionProperties) = preSolution
		HideSolutionNode = FALSE
	EndGlobalSection
	GlobalSection(ProjectConfigurationPlatforms) = postSolution
		{44469596-FDDB-4343-A45D-733E7EC7B8C8}.Debug|Any CPU.ActiveCfg = Debug|Any CPU
		{44469596-FDDB-4343-A45D-733E7EC7B8C8}.Debug|Any CPU.Build.0 = Debug|Any CPU
		{44469596-FDDB-4343-A45D-733E7EC7B8C8}.Release|Any CPU.ActiveCfg = Release|Any CPU
		{44469596-FDDB-4343-A45D-733E7EC7B8C8}.Release|Any CPU.Build.0 = Release|Any CPU
		{984E9963-5F52-471E-97E0-111DC67CE82A}.Debug|Any CPU.ActiveCfg = Debug|Any CPU
		{984E9963-5F52-471E-97E0-111DC67CE82A}.Debug|Any CPU.Build.0 = Debug|Any CPU
		{984E9963-5F52-471E-97E0-111DC67CE82A}.Release|Any CPU.ActiveCfg = Release|Any CPU
		{984E9963-5F52-471E-97E0-111DC67CE82A}.Release|Any CPU.Build.0 = Release|Any CPU
	EndGlobalSection
EndGlobal
